<?xml version="1.0" encoding="UTF-8"?>
<Project ToolsVersion="14.0" xmlns="http://schemas.microsoft.com/developer/msbuild/2003">
  <ItemGroup>
    <CustomBuild Include="C:\Users\Benjamin\Documents\repos\Reflect\CMakeFiles\480b957908a8a95affdfc1eba704548a\RUN_TESTS_force.rule">
      <Filter>CMake Rules</Filter>
    </CustomBuild>
  </ItemGroup>
  <ItemGroup>
    <Filter Include="CMake Rules">
      <UniqueIdentifier>{31118457-635B-309D-8AE7-D23F8C720288}</UniqueIdentifier>
    </Filter>
  </ItemGroup>
</Project>
